// !$*UTF8*$!
{
	archiveVersion = 1;
	classes = {
	};
	objectVersion = 56;
	objects = {

/* Begin PBXBuildFile section */
		CC0AEE0329D45892009AAADD /* Launch Screen.storyboard in Resources */ = {isa = PBXBuildFile; fileRef = CC0AEE0229D45892009AAADD /* Launch Screen.storyboard */; };
		CC91626729D42B9B006647D9 /* ClonGPTApp.swift in Sources */ = {isa = PBXBuildFile; fileRef = CC91626629D42B9B006647D9 /* ClonGPTApp.swift */; };
		CC91626929D42B9B006647D9 /* ContentView.swift in Sources */ = {isa = PBXBuildFile; fileRef = CC91626829D42B9B006647D9 /* ContentView.swift */; };
		CC91626B29D42B9E006647D9 /* Assets.xcassets in Resources */ = {isa = PBXBuildFile; fileRef = CC91626A29D42B9E006647D9 /* Assets.xcassets */; };
		CC91626E29D42B9E006647D9 /* Preview Assets.xcassets in Resources */ = {isa = PBXBuildFile; fileRef = CC91626D29D42B9E006647D9 /* Preview Assets.xcassets */; };
		CC91629229D43AE8006647D9 /* Model.swift in Sources */ = {isa = PBXBuildFile; fileRef = CC91629129D43AE8006647D9 /* Model.swift */; };
		CCD4DF2829D5B2AD004A3860 /* GPTViewModel.swift in Sources */ = {isa = PBXBuildFile; fileRef = CCD4DF2729D5B2AD004A3860 /* GPTViewModel.swift */; };
		CCD4DF2D29D5B7DC004A3860 /* ApiSettingsView.swift in Sources */ = {isa = PBXBuildFile; fileRef = CCD4DF2C29D5B7DC004A3860 /* ApiSettingsView.swift */; };
		CCFC1EAC29D6B154008FE10E /* Intents.framework in Frameworks */ = {isa = PBXBuildFile; fileRef = CCFC1EAB29D6B154008FE10E /* Intents.framework */; };
		CCFC1EAF29D6B154008FE10E /* IntentHandler.swift in Sources */ = {isa = PBXBuildFile; fileRef = CCFC1EAE29D6B154008FE10E /* IntentHandler.swift */; };
		CCFC1EB329D6B154008FE10E /* SiriIntent.appex in Embed Foundation Extensions */ = {isa = PBXBuildFile; fileRef = CCFC1EA929D6B154008FE10E /* SiriIntent.appex */; settings = {ATTRIBUTES = (RemoveHeadersOnCopy, ); }; };
		CCFC1EBE29D6B397008FE10E /* IntentsUI.framework in Frameworks */ = {isa = PBXBuildFile; fileRef = CCFC1EBD29D6B397008FE10E /* IntentsUI.framework */; };
		CCFC1EC129D6B397008FE10E /* IntentViewController.swift in Sources */ = {isa = PBXBuildFile; fileRef = CCFC1EC029D6B397008FE10E /* IntentViewController.swift */; };
		CCFC1EC429D6B397008FE10E /* MainInterface.storyboard in Resources */ = {isa = PBXBuildFile; fileRef = CCFC1EC229D6B397008FE10E /* MainInterface.storyboard */; };
		CCFC1EC829D6B397008FE10E /* SiriIntentUI.appex in Embed Foundation Extensions */ = {isa = PBXBuildFile; fileRef = CCFC1EBC29D6B397008FE10E /* SiriIntentUI.appex */; settings = {ATTRIBUTES = (RemoveHeadersOnCopy, ); }; };
		CCFC1ECC29D6C48C008FE10E /* Model.swift in Sources */ = {isa = PBXBuildFile; fileRef = CC91629129D43AE8006647D9 /* Model.swift */; };
		CCFC1ECD29D6C4B9008FE10E /* GPTViewModel.swift in Sources */ = {isa = PBXBuildFile; fileRef = CCD4DF2729D5B2AD004A3860 /* GPTViewModel.swift */; };
/* End PBXBuildFile section */

/* Begin PBXContainerItemProxy section */
		CCFC1EB129D6B154008FE10E /* PBXContainerItemProxy */ = {
			isa = PBXContainerItemProxy;
			containerPortal = CC91625B29D42B9B006647D9 /* Project object */;
			proxyType = 1;
			remoteGlobalIDString = CCFC1EA829D6B154008FE10E;
			remoteInfo = SiriIntent;
		};
		CCFC1EC629D6B397008FE10E /* PBXContainerItemProxy */ = {
			isa = PBXContainerItemProxy;
			containerPortal = CC91625B29D42B9B006647D9 /* Project object */;
			proxyType = 1;
			remoteGlobalIDString = CCFC1EBB29D6B397008FE10E;
			remoteInfo = SiriIntentUI;
		};
/* End PBXContainerItemProxy section */

/* Begin PBXCopyFilesBuildPhase section */
		CCFC1EB729D6B154008FE10E /* Embed Foundation Extensions */ = {
			isa = PBXCopyFilesBuildPhase;
			buildActionMask = 2147483647;
			dstPath = "";
			dstSubfolderSpec = 13;
			files = (
				CCFC1EB329D6B154008FE10E /* SiriIntent.appex in Embed Foundation Extensions */,
				CCFC1EC829D6B397008FE10E /* SiriIntentUI.appex in Embed Foundation Extensions */,
			);
			name = "Embed Foundation Extensions";
			runOnlyForDeploymentPostprocessing = 0;
		};
/* End PBXCopyFilesBuildPhase section */

/* Begin PBXFileReference section */
		CC0AEE0229D45892009AAADD /* Launch Screen.storyboard */ = {isa = PBXFileReference; lastKnownFileType = file.storyboard; path = "Launch Screen.storyboard"; sourceTree = "<group>"; };
		CC91626329D42B9B006647D9 /* ClonGPT.app */ = {isa = PBXFileReference; explicitFileType = wrapper.application; includeInIndex = 0; path = ClonGPT.app; sourceTree = BUILT_PRODUCTS_DIR; };
		CC91626629D42B9B006647D9 /* ClonGPTApp.swift */ = {isa = PBXFileReference; lastKnownFileType = sourcecode.swift; path = ClonGPTApp.swift; sourceTree = "<group>"; };
		CC91626829D42B9B006647D9 /* ContentView.swift */ = {isa = PBXFileReference; lastKnownFileType = sourcecode.swift; path = ContentView.swift; sourceTree = "<group>"; };
		CC91626A29D42B9E006647D9 /* Assets.xcassets */ = {isa = PBXFileReference; lastKnownFileType = folder.assetcatalog; path = Assets.xcassets; sourceTree = "<group>"; };
		CC91626D29D42B9E006647D9 /* Preview Assets.xcassets */ = {isa = PBXFileReference; lastKnownFileType = folder.assetcatalog; path = "Preview Assets.xcassets"; sourceTree = "<group>"; };
		CC91629029D4365C006647D9 /* Info.plist */ = {isa = PBXFileReference; lastKnownFileType = text.plist; path = Info.plist; sourceTree = "<group>"; };
		CC91629129D43AE8006647D9 /* Model.swift */ = {isa = PBXFileReference; lastKnownFileType = sourcecode.swift; path = Model.swift; sourceTree = "<group>"; };
		CCD4DF2729D5B2AD004A3860 /* GPTViewModel.swift */ = {isa = PBXFileReference; fileEncoding = 4; lastKnownFileType = sourcecode.swift; path = GPTViewModel.swift; sourceTree = "<group>"; };
		CCD4DF2B29D5B66F004A3860 /* ClonGPT.entitlements */ = {isa = PBXFileReference; lastKnownFileType = text.plist.entitlements; path = ClonGPT.entitlements; sourceTree = "<group>"; };
		CCD4DF2C29D5B7DC004A3860 /* ApiSettingsView.swift */ = {isa = PBXFileReference; lastKnownFileType = sourcecode.swift; path = ApiSettingsView.swift; sourceTree = "<group>"; };
		CCFC1EA929D6B154008FE10E /* SiriIntent.appex */ = {isa = PBXFileReference; explicitFileType = "wrapper.app-extension"; includeInIndex = 0; path = SiriIntent.appex; sourceTree = BUILT_PRODUCTS_DIR; };
		CCFC1EAB29D6B154008FE10E /* Intents.framework */ = {isa = PBXFileReference; lastKnownFileType = wrapper.framework; name = Intents.framework; path = System/Library/Frameworks/Intents.framework; sourceTree = SDKROOT; };
		CCFC1EAE29D6B154008FE10E /* IntentHandler.swift */ = {isa = PBXFileReference; lastKnownFileType = sourcecode.swift; path = IntentHandler.swift; sourceTree = "<group>"; };
		CCFC1EB029D6B154008FE10E /* Info.plist */ = {isa = PBXFileReference; lastKnownFileType = text.plist.xml; path = Info.plist; sourceTree = "<group>"; };
		CCFC1EBC29D6B397008FE10E /* SiriIntentUI.appex */ = {isa = PBXFileReference; explicitFileType = "wrapper.app-extension"; includeInIndex = 0; path = SiriIntentUI.appex; sourceTree = BUILT_PRODUCTS_DIR; };
		CCFC1EBD29D6B397008FE10E /* IntentsUI.framework */ = {isa = PBXFileReference; lastKnownFileType = wrapper.framework; name = IntentsUI.framework; path = System/Library/Frameworks/IntentsUI.framework; sourceTree = SDKROOT; };
		CCFC1EC029D6B397008FE10E /* IntentViewController.swift */ = {isa = PBXFileReference; lastKnownFileType = sourcecode.swift; path = IntentViewController.swift; sourceTree = "<group>"; };
		CCFC1EC329D6B397008FE10E /* Base */ = {isa = PBXFileReference; lastKnownFileType = file.storyboard; name = Base; path = Base.lproj/MainInterface.storyboard; sourceTree = "<group>"; };
		CCFC1EC529D6B397008FE10E /* Info.plist */ = {isa = PBXFileReference; lastKnownFileType = text.plist.xml; path = Info.plist; sourceTree = "<group>"; };
		CCFC1ECE29D6E779008FE10E /* SiriIntent.entitlements */ = {isa = PBXFileReference; lastKnownFileType = text.plist.entitlements; path = SiriIntent.entitlements; sourceTree = "<group>"; };
		CCFC1ECF29D6E799008FE10E /* SiriIntentUI.entitlements */ = {isa = PBXFileReference; lastKnownFileType = text.plist.entitlements; path = SiriIntentUI.entitlements; sourceTree = "<group>"; };
/* End PBXFileReference section */

/* Begin PBXFrameworksBuildPhase section */
		CC91626029D42B9B006647D9 /* Frameworks */ = {
			isa = PBXFrameworksBuildPhase;
			buildActionMask = 2147483647;
			files = (
			);
			runOnlyForDeploymentPostprocessing = 0;
		};
		CCFC1EA629D6B154008FE10E /* Frameworks */ = {
			isa = PBXFrameworksBuildPhase;
			buildActionMask = 2147483647;
			files = (
				CCFC1EAC29D6B154008FE10E /* Intents.framework in Frameworks */,
			);
			runOnlyForDeploymentPostprocessing = 0;
		};
		CCFC1EB929D6B397008FE10E /* Frameworks */ = {
			isa = PBXFrameworksBuildPhase;
			buildActionMask = 2147483647;
			files = (
				CCFC1EBE29D6B397008FE10E /* IntentsUI.framework in Frameworks */,
			);
			runOnlyForDeploymentPostprocessing = 0;
		};
/* End PBXFrameworksBuildPhase section */

/* Begin PBXGroup section */
		CC91625A29D42B9B006647D9 = {
			isa = PBXGroup;
			children = (
				CC91626529D42B9B006647D9 /* ClonGPT */,
				CCFC1EAD29D6B154008FE10E /* SiriIntent */,
				CCFC1EBF29D6B397008FE10E /* SiriIntentUI */,
				CCFC1EAA29D6B154008FE10E /* Frameworks */,
				CC91626429D42B9B006647D9 /* Products */,
			);
			sourceTree = "<group>";
		};
		CC91626429D42B9B006647D9 /* Products */ = {
			isa = PBXGroup;
			children = (
				CC91626329D42B9B006647D9 /* ClonGPT.app */,
				CCFC1EA929D6B154008FE10E /* SiriIntent.appex */,
				CCFC1EBC29D6B397008FE10E /* SiriIntentUI.appex */,
			);
			name = Products;
			sourceTree = "<group>";
		};
		CC91626529D42B9B006647D9 /* ClonGPT */ = {
			isa = PBXGroup;
			children = (
				CC91626A29D42B9E006647D9 /* Assets.xcassets */,
				CC91626C29D42B9E006647D9 /* Preview Content */,
				CC0AEE0229D45892009AAADD /* Launch Screen.storyboard */,
				CCD4DF2B29D5B66F004A3860 /* ClonGPT.entitlements */,
				CC91629029D4365C006647D9 /* Info.plist */,
				CC91626629D42B9B006647D9 /* ClonGPTApp.swift */,
				CCD4DF2729D5B2AD004A3860 /* GPTViewModel.swift */,
				CC91626829D42B9B006647D9 /* ContentView.swift */,
				CC91629129D43AE8006647D9 /* Model.swift */,
				CCD4DF2C29D5B7DC004A3860 /* ApiSettingsView.swift */,
			);
			path = ClonGPT;
			sourceTree = "<group>";
		};
		CC91626C29D42B9E006647D9 /* Preview Content */ = {
			isa = PBXGroup;
			children = (
				CC91626D29D42B9E006647D9 /* Preview Assets.xcassets */,
			);
			path = "Preview Content";
			sourceTree = "<group>";
		};
		CCFC1EAA29D6B154008FE10E /* Frameworks */ = {
			isa = PBXGroup;
			children = (
				CCFC1EAB29D6B154008FE10E /* Intents.framework */,
				CCFC1EBD29D6B397008FE10E /* IntentsUI.framework */,
			);
			name = Frameworks;
			sourceTree = "<group>";
		};
		CCFC1EAD29D6B154008FE10E /* SiriIntent */ = {
			isa = PBXGroup;
			children = (
				CCFC1ECE29D6E779008FE10E /* SiriIntent.entitlements */,
				CCFC1EAE29D6B154008FE10E /* IntentHandler.swift */,
				CCFC1EB029D6B154008FE10E /* Info.plist */,
			);
			path = SiriIntent;
			sourceTree = "<group>";
		};
		CCFC1EBF29D6B397008FE10E /* SiriIntentUI */ = {
			isa = PBXGroup;
			children = (
				CCFC1ECF29D6E799008FE10E /* SiriIntentUI.entitlements */,
				CCFC1EC029D6B397008FE10E /* IntentViewController.swift */,
				CCFC1EC229D6B397008FE10E /* MainInterface.storyboard */,
				CCFC1EC529D6B397008FE10E /* Info.plist */,
			);
			path = SiriIntentUI;
			sourceTree = "<group>";
		};
/* End PBXGroup section */

/* Begin PBXNativeTarget section */
		CC91626229D42B9B006647D9 /* ClonGPT */ = {
			isa = PBXNativeTarget;
			buildConfigurationList = CC91628729D42B9F006647D9 /* Build configuration list for PBXNativeTarget "ClonGPT" */;
			buildPhases = (
				CC91625F29D42B9B006647D9 /* Sources */,
				CC91626029D42B9B006647D9 /* Frameworks */,
				CC91626129D42B9B006647D9 /* Resources */,
				CCFC1EB729D6B154008FE10E /* Embed Foundation Extensions */,
			);
			buildRules = (
			);
			dependencies = (
				CCFC1EB229D6B154008FE10E /* PBXTargetDependency */,
				CCFC1EC729D6B397008FE10E /* PBXTargetDependency */,
			);
			name = ClonGPT;
			productName = ClonGPT;
			productReference = CC91626329D42B9B006647D9 /* ClonGPT.app */;
			productType = "com.apple.product-type.application";
		};
		CCFC1EA829D6B154008FE10E /* SiriIntent */ = {
			isa = PBXNativeTarget;
			buildConfigurationList = CCFC1EB429D6B154008FE10E /* Build configuration list for PBXNativeTarget "SiriIntent" */;
			buildPhases = (
				CCFC1EA529D6B154008FE10E /* Sources */,
				CCFC1EA629D6B154008FE10E /* Frameworks */,
				CCFC1EA729D6B154008FE10E /* Resources */,
			);
			buildRules = (
			);
			dependencies = (
			);
			name = SiriIntent;
			productName = SiriIntent;
			productReference = CCFC1EA929D6B154008FE10E /* SiriIntent.appex */;
			productType = "com.apple.product-type.app-extension";
		};
		CCFC1EBB29D6B397008FE10E /* SiriIntentUI */ = {
			isa = PBXNativeTarget;
			buildConfigurationList = CCFC1EC929D6B397008FE10E /* Build configuration list for PBXNativeTarget "SiriIntentUI" */;
			buildPhases = (
				CCFC1EB829D6B397008FE10E /* Sources */,
				CCFC1EB929D6B397008FE10E /* Frameworks */,
				CCFC1EBA29D6B397008FE10E /* Resources */,
			);
			buildRules = (
			);
			dependencies = (
			);
			name = SiriIntentUI;
			productName = SiriIntentUI;
			productReference = CCFC1EBC29D6B397008FE10E /* SiriIntentUI.appex */;
			productType = "com.apple.product-type.app-extension";
		};
/* End PBXNativeTarget section */

/* Begin PBXProject section */
		CC91625B29D42B9B006647D9 /* Project object */ = {
			isa = PBXProject;
			attributes = {
				BuildIndependentTargetsInParallel = 1;
				LastSwiftUpdateCheck = 1420;
				LastUpgradeCheck = 1420;
				TargetAttributes = {
					CC91626229D42B9B006647D9 = {
						CreatedOnToolsVersion = 14.2;
					};
					CCFC1EA829D6B154008FE10E = {
						CreatedOnToolsVersion = 14.2;
					};
					CCFC1EBB29D6B397008FE10E = {
						CreatedOnToolsVersion = 14.2;
					};
				};
			};
			buildConfigurationList = CC91625E29D42B9B006647D9 /* Build configuration list for PBXProject "ClonGPT" */;
			compatibilityVersion = "Xcode 14.0";
			developmentRegion = en;
			hasScannedForEncodings = 0;
			knownRegions = (
				en,
				Base,
			);
			mainGroup = CC91625A29D42B9B006647D9;
			productRefGroup = CC91626429D42B9B006647D9 /* Products */;
			projectDirPath = "";
			projectRoot = "";
			targets = (
				CC91626229D42B9B006647D9 /* ClonGPT */,
				CCFC1EA829D6B154008FE10E /* SiriIntent */,
				CCFC1EBB29D6B397008FE10E /* SiriIntentUI */,
			);
		};
/* End PBXProject section */

/* Begin PBXResourcesBuildPhase section */
		CC91626129D42B9B006647D9 /* Resources */ = {
			isa = PBXResourcesBuildPhase;
			buildActionMask = 2147483647;
			files = (
				CC0AEE0329D45892009AAADD /* Launch Screen.storyboard in Resources */,
				CC91626E29D42B9E006647D9 /* Preview Assets.xcassets in Resources */,
				CC91626B29D42B9E006647D9 /* Assets.xcassets in Resources */,
			);
			runOnlyForDeploymentPostprocessing = 0;
		};
		CCFC1EA729D6B154008FE10E /* Resources */ = {
			isa = PBXResourcesBuildPhase;
			buildActionMask = 2147483647;
			files = (
			);
			runOnlyForDeploymentPostprocessing = 0;
		};
		CCFC1EBA29D6B397008FE10E /* Resources */ = {
			isa = PBXResourcesBuildPhase;
			buildActionMask = 2147483647;
			files = (
				CCFC1EC429D6B397008FE10E /* MainInterface.storyboard in Resources */,
			);
			runOnlyForDeploymentPostprocessing = 0;
		};
/* End PBXResourcesBuildPhase section */

/* Begin PBXSourcesBuildPhase section */
		CC91625F29D42B9B006647D9 /* Sources */ = {
			isa = PBXSourcesBuildPhase;
			buildActionMask = 2147483647;
			files = (
				CCD4DF2829D5B2AD004A3860 /* GPTViewModel.swift in Sources */,
				CCD4DF2D29D5B7DC004A3860 /* ApiSettingsView.swift in Sources */,
				CC91629229D43AE8006647D9 /* Model.swift in Sources */,
				CC91626929D42B9B006647D9 /* ContentView.swift in Sources */,
				CC91626729D42B9B006647D9 /* ClonGPTApp.swift in Sources */,
			);
			runOnlyForDeploymentPostprocessing = 0;
		};
		CCFC1EA529D6B154008FE10E /* Sources */ = {
			isa = PBXSourcesBuildPhase;
			buildActionMask = 2147483647;
			files = (
				CCFC1ECD29D6C4B9008FE10E /* GPTViewModel.swift in Sources */,
				CCFC1EAF29D6B154008FE10E /* IntentHandler.swift in Sources */,
				CCFC1ECC29D6C48C008FE10E /* Model.swift in Sources */,
			);
			runOnlyForDeploymentPostprocessing = 0;
		};
		CCFC1EB829D6B397008FE10E /* Sources */ = {
			isa = PBXSourcesBuildPhase;
			buildActionMask = 2147483647;
			files = (
				CCFC1EC129D6B397008FE10E /* IntentViewController.swift in Sources */,
			);
			runOnlyForDeploymentPostprocessing = 0;
		};
/* End PBXSourcesBuildPhase section */

/* Begin PBXTargetDependency section */
		CCFC1EB229D6B154008FE10E /* PBXTargetDependency */ = {
			isa = PBXTargetDependency;
			target = CCFC1EA829D6B154008FE10E /* SiriIntent */;
			targetProxy = CCFC1EB129D6B154008FE10E /* PBXContainerItemProxy */;
		};
		CCFC1EC729D6B397008FE10E /* PBXTargetDependency */ = {
			isa = PBXTargetDependency;
			target = CCFC1EBB29D6B397008FE10E /* SiriIntentUI */;
			targetProxy = CCFC1EC629D6B397008FE10E /* PBXContainerItemProxy */;
		};
/* End PBXTargetDependency section */

/* Begin PBXVariantGroup section */
		CCFC1EC229D6B397008FE10E /* MainInterface.storyboard */ = {
			isa = PBXVariantGroup;
			children = (
				CCFC1EC329D6B397008FE10E /* Base */,
			);
			name = MainInterface.storyboard;
			sourceTree = "<group>";
		};
/* End PBXVariantGroup section */

/* Begin XCBuildConfiguration section */
		CC91628529D42B9F006647D9 /* Debug */ = {
			isa = XCBuildConfiguration;
			buildSettings = {
				ALWAYS_SEARCH_USER_PATHS = NO;
				CLANG_ANALYZER_NONNULL = YES;
				CLANG_ANALYZER_NUMBER_OBJECT_CONVERSION = YES_AGGRESSIVE;
				CLANG_CXX_LANGUAGE_STANDARD = "gnu++20";
				CLANG_ENABLE_MODULES = YES;
				CLANG_ENABLE_OBJC_ARC = YES;
				CLANG_ENABLE_OBJC_WEAK = YES;
				CLANG_WARN_BLOCK_CAPTURE_AUTORELEASING = YES;
				CLANG_WARN_BOOL_CONVERSION = YES;
				CLANG_WARN_COMMA = YES;
				CLANG_WARN_CONSTANT_CONVERSION = YES;
				CLANG_WARN_DEPRECATED_OBJC_IMPLEMENTATIONS = YES;
				CLANG_WARN_DIRECT_OBJC_ISA_USAGE = YES_ERROR;
				CLANG_WARN_DOCUMENTATION_COMMENTS = YES;
				CLANG_WARN_EMPTY_BODY = YES;
				CLANG_WARN_ENUM_CONVERSION = YES;
				CLANG_WARN_INFINITE_RECURSION = YES;
				CLANG_WARN_INT_CONVERSION = YES;
				CLANG_WARN_NON_LITERAL_NULL_CONVERSION = YES;
				CLANG_WARN_OBJC_IMPLICIT_RETAIN_SELF = YES;
				CLANG_WARN_OBJC_LITERAL_CONVERSION = YES;
				CLANG_WARN_OBJC_ROOT_CLASS = YES_ERROR;
				CLANG_WARN_QUOTED_INCLUDE_IN_FRAMEWORK_HEADER = YES;
				CLANG_WARN_RANGE_LOOP_ANALYSIS = YES;
				CLANG_WARN_STRICT_PROTOTYPES = YES;
				CLANG_WARN_SUSPICIOUS_MOVE = YES;
				CLANG_WARN_UNGUARDED_AVAILABILITY = YES_AGGRESSIVE;
				CLANG_WARN_UNREACHABLE_CODE = YES;
				CLANG_WARN__DUPLICATE_METHOD_MATCH = YES;
				COPY_PHASE_STRIP = NO;
				DEBUG_INFORMATION_FORMAT = dwarf;
				ENABLE_STRICT_OBJC_MSGSEND = YES;
				ENABLE_TESTABILITY = YES;
				GCC_C_LANGUAGE_STANDARD = gnu11;
				GCC_DYNAMIC_NO_PIC = NO;
				GCC_NO_COMMON_BLOCKS = YES;
				GCC_OPTIMIZATION_LEVEL = 0;
				GCC_PREPROCESSOR_DEFINITIONS = (
					"DEBUG=1",
					"$(inherited)",
				);
				GCC_WARN_64_TO_32_BIT_CONVERSION = YES;
				GCC_WARN_ABOUT_RETURN_TYPE = YES_ERROR;
				GCC_WARN_UNDECLARED_SELECTOR = YES;
				GCC_WARN_UNINITIALIZED_AUTOS = YES_AGGRESSIVE;
				GCC_WARN_UNUSED_FUNCTION = YES;
				GCC_WARN_UNUSED_VARIABLE = YES;
				IPHONEOS_DEPLOYMENT_TARGET = 16.2;
				MTL_ENABLE_DEBUG_INFO = INCLUDE_SOURCE;
				MTL_FAST_MATH = YES;
				ONLY_ACTIVE_ARCH = YES;
				SDKROOT = iphoneos;
				SWIFT_ACTIVE_COMPILATION_CONDITIONS = DEBUG;
				SWIFT_OPTIMIZATION_LEVEL = "-Onone";
			};
			name = Debug;
		};
		CC91628629D42B9F006647D9 /* Release */ = {
			isa = XCBuildConfiguration;
			buildSettings = {
				ALWAYS_SEARCH_USER_PATHS = NO;
				CLANG_ANALYZER_NONNULL = YES;
				CLANG_ANALYZER_NUMBER_OBJECT_CONVERSION = YES_AGGRESSIVE;
				CLANG_CXX_LANGUAGE_STANDARD = "gnu++20";
				CLANG_ENABLE_MODULES = YES;
				CLANG_ENABLE_OBJC_ARC = YES;
				CLANG_ENABLE_OBJC_WEAK = YES;
				CLANG_WARN_BLOCK_CAPTURE_AUTORELEASING = YES;
				CLANG_WARN_BOOL_CONVERSION = YES;
				CLANG_WARN_COMMA = YES;
				CLANG_WARN_CONSTANT_CONVERSION = YES;
				CLANG_WARN_DEPRECATED_OBJC_IMPLEMENTATIONS = YES;
				CLANG_WARN_DIRECT_OBJC_ISA_USAGE = YES_ERROR;
				CLANG_WARN_DOCUMENTATION_COMMENTS = YES;
				CLANG_WARN_EMPTY_BODY = YES;
				CLANG_WARN_ENUM_CONVERSION = YES;
				CLANG_WARN_INFINITE_RECURSION = YES;
				CLANG_WARN_INT_CONVERSION = YES;
				CLANG_WARN_NON_LITERAL_NULL_CONVERSION = YES;
				CLANG_WARN_OBJC_IMPLICIT_RETAIN_SELF = YES;
				CLANG_WARN_OBJC_LITERAL_CONVERSION = YES;
				CLANG_WARN_OBJC_ROOT_CLASS = YES_ERROR;
				CLANG_WARN_QUOTED_INCLUDE_IN_FRAMEWORK_HEADER = YES;
				CLANG_WARN_RANGE_LOOP_ANALYSIS = YES;
				CLANG_WARN_STRICT_PROTOTYPES = YES;
				CLANG_WARN_SUSPICIOUS_MOVE = YES;
				CLANG_WARN_UNGUARDED_AVAILABILITY = YES_AGGRESSIVE;
				CLANG_WARN_UNREACHABLE_CODE = YES;
				CLANG_WARN__DUPLICATE_METHOD_MATCH = YES;
				COPY_PHASE_STRIP = NO;
				DEBUG_INFORMATION_FORMAT = "dwarf-with-dsym";
				ENABLE_NS_ASSERTIONS = NO;
				ENABLE_STRICT_OBJC_MSGSEND = YES;
				GCC_C_LANGUAGE_STANDARD = gnu11;
				GCC_NO_COMMON_BLOCKS = YES;
				GCC_WARN_64_TO_32_BIT_CONVERSION = YES;
				GCC_WARN_ABOUT_RETURN_TYPE = YES_ERROR;
				GCC_WARN_UNDECLARED_SELECTOR = YES;
				GCC_WARN_UNINITIALIZED_AUTOS = YES_AGGRESSIVE;
				GCC_WARN_UNUSED_FUNCTION = YES;
				GCC_WARN_UNUSED_VARIABLE = YES;
				IPHONEOS_DEPLOYMENT_TARGET = 16.2;
				MTL_ENABLE_DEBUG_INFO = NO;
				MTL_FAST_MATH = YES;
				SDKROOT = iphoneos;
				SWIFT_COMPILATION_MODE = wholemodule;
				SWIFT_OPTIMIZATION_LEVEL = "-O";
				VALIDATE_PRODUCT = YES;
			};
			name = Release;
		};
		CC91628829D42B9F006647D9 /* Debug */ = {
			isa = XCBuildConfiguration;
			buildSettings = {
				ALWAYS_EMBED_SWIFT_STANDARD_LIBRARIES = YES;
				ASSETCATALOG_COMPILER_APPICON_NAME = AppIcon;
				ASSETCATALOG_COMPILER_GLOBAL_ACCENT_COLOR_NAME = AccentColor;
				ASSETCATALOG_COMPILER_INCLUDE_ALL_APPICON_ASSETS = NO;
				CODE_SIGN_ENTITLEMENTS = ClonGPT/ClonGPT.entitlements;
				CODE_SIGN_STYLE = Automatic;
				CURRENT_PROJECT_VERSION = 1;
				DEVELOPMENT_ASSET_PATHS = "\"ClonGPT/Preview Content\"";
				DEVELOPMENT_TEAM = QB22A345HZ;
				ENABLE_PREVIEWS = YES;
				GENERATE_INFOPLIST_FILE = YES;
				INFOPLIST_FILE = ClonGPT/Info.plist;
				INFOPLIST_KEY_NSContactsUsageDescription = "Se requiere acceso a contactos para permitir el envío de mensajes a través de Siri.";
				INFOPLIST_KEY_NSSiriUsageDescription = "Se usará siri para permitir enviar mensajes a una api";
				INFOPLIST_KEY_UIApplicationSupportsIndirectInputEvents = YES;
				INFOPLIST_KEY_UILaunchScreen_Generation = YES;
				INFOPLIST_KEY_UILaunchStoryboardName = "Launch Screen.storyboard";
				INFOPLIST_KEY_UISupportedInterfaceOrientations_iPad = "UIInterfaceOrientationPortrait UIInterfaceOrientationPortraitUpsideDown UIInterfaceOrientationLandscapeLeft UIInterfaceOrientationLandscapeRight";
				INFOPLIST_KEY_UISupportedInterfaceOrientations_iPhone = "UIInterfaceOrientationPortrait UIInterfaceOrientationLandscapeLeft UIInterfaceOrientationLandscapeRight";
				LD_RUNPATH_SEARCH_PATHS = (
					"$(inherited)",
					"@executable_path/Frameworks",
				);
				MARKETING_VERSION = 1.0;
				PRODUCT_BUNDLE_IDENTIFIER = com.juan.ClonGPTe;
				PRODUCT_NAME = "$(TARGET_NAME)";
				SWIFT_EMIT_LOC_STRINGS = YES;
				SWIFT_VERSION = 5.0;
				TARGETED_DEVICE_FAMILY = "1,2";
			};
			name = Debug;
		};
		CC91628929D42B9F006647D9 /* Release */ = {
			isa = XCBuildConfiguration;
			buildSettings = {
				ALWAYS_EMBED_SWIFT_STANDARD_LIBRARIES = YES;
				ASSETCATALOG_COMPILER_APPICON_NAME = AppIcon;
				ASSETCATALOG_COMPILER_GLOBAL_ACCENT_COLOR_NAME = AccentColor;
				ASSETCATALOG_COMPILER_INCLUDE_ALL_APPICON_ASSETS = NO;
				CODE_SIGN_ENTITLEMENTS = ClonGPT/ClonGPT.entitlements;
				CODE_SIGN_STYLE = Automatic;
				CURRENT_PROJECT_VERSION = 1;
				DEVELOPMENT_ASSET_PATHS = "\"ClonGPT/Preview Content\"";
				DEVELOPMENT_TEAM = QB22A345HZ;
				ENABLE_PREVIEWS = YES;
				GENERATE_INFOPLIST_FILE = YES;
				INFOPLIST_FILE = ClonGPT/Info.plist;
				INFOPLIST_KEY_NSContactsUsageDescription = "Se requiere acceso a contactos para permitir el envío de mensajes a través de Siri.";
				INFOPLIST_KEY_NSSiriUsageDescription = "Se usará siri para permitir enviar mensajes a una api";
				INFOPLIST_KEY_UIApplicationSupportsIndirectInputEvents = YES;
				INFOPLIST_KEY_UILaunchScreen_Generation = YES;
				INFOPLIST_KEY_UILaunchStoryboardName = "Launch Screen.storyboard";
				INFOPLIST_KEY_UISupportedInterfaceOrientations_iPad = "UIInterfaceOrientationPortrait UIInterfaceOrientationPortraitUpsideDown UIInterfaceOrientationLandscapeLeft UIInterfaceOrientationLandscapeRight";
				INFOPLIST_KEY_UISupportedInterfaceOrientations_iPhone = "UIInterfaceOrientationPortrait UIInterfaceOrientationLandscapeLeft UIInterfaceOrientationLandscapeRight";
				LD_RUNPATH_SEARCH_PATHS = (
					"$(inherited)",
					"@executable_path/Frameworks",
				);
				MARKETING_VERSION = 1.0;
				PRODUCT_BUNDLE_IDENTIFIER = com.juan.ClonGPTe;
				PRODUCT_NAME = "$(TARGET_NAME)";
				SWIFT_EMIT_LOC_STRINGS = YES;
				SWIFT_VERSION = 5.0;
				TARGETED_DEVICE_FAMILY = "1,2";
			};
			name = Release;
		};
		CCFC1EB529D6B154008FE10E /* Debug */ = {
			isa = XCBuildConfiguration;
			buildSettings = {
				CODE_SIGN_ENTITLEMENTS = SiriIntent/SiriIntent.entitlements;
				CODE_SIGN_STYLE = Automatic;
				CURRENT_PROJECT_VERSION = 1;
				DEVELOPMENT_TEAM = QB22A345HZ;
				GENERATE_INFOPLIST_FILE = YES;
				INFOPLIST_FILE = SiriIntent/Info.plist;
				INFOPLIST_KEY_CFBundleDisplayName = SiriIntent;
				INFOPLIST_KEY_NSHumanReadableCopyright = "";
				LD_RUNPATH_SEARCH_PATHS = (
					"$(inherited)",
					"@executable_path/Frameworks",
					"@executable_path/../../Frameworks",
				);
				MARKETING_VERSION = 1.0;
				PRODUCT_BUNDLE_IDENTIFIER = com.juan.ClonGPTe.SiriIntent;
				PRODUCT_NAME = "$(TARGET_NAME)";
				SKIP_INSTALL = YES;
				SWIFT_EMIT_LOC_STRINGS = YES;
				SWIFT_VERSION = 5.0;
				TARGETED_DEVICE_FAMILY = "1,2";
			};
			name = Debug;
		};
		CCFC1EB629D6B154008FE10E /* Release */ = {
			isa = XCBuildConfiguration;
			buildSettings = {
				CODE_SIGN_ENTITLEMENTS = SiriIntent/SiriIntent.entitlements;
				CODE_SIGN_STYLE = Automatic;
				CURRENT_PROJECT_VERSION = 1;
				DEVELOPMENT_TEAM = QB22A345HZ;
				GENERATE_INFOPLIST_FILE = YES;
				INFOPLIST_FILE = SiriIntent/Info.plist;
				INFOPLIST_KEY_CFBundleDisplayName = SiriIntent;
				INFOPLIST_KEY_NSHumanReadableCopyright = "";
				LD_RUNPATH_SEARCH_PATHS = (
					"$(inherited)",
					"@executable_path/Frameworks",
					"@executable_path/../../Frameworks",
				);
				MARKETING_VERSION = 1.0;
				PRODUCT_BUNDLE_IDENTIFIER = com.juan.ClonGPTe.SiriIntent;
				PRODUCT_NAME = "$(TARGET_NAME)";
				SKIP_INSTALL = YES;
				SWIFT_EMIT_LOC_STRINGS = YES;
				SWIFT_VERSION = 5.0;
				TARGETED_DEVICE_FAMILY = "1,2";
			};
			name = Release;
		};
		CCFC1ECA29D6B397008FE10E /* Debug */ = {
			isa = XCBuildConfiguration;
			buildSettings = {
				CODE_SIGN_ENTITLEMENTS = SiriIntentUI/SiriIntentUI.entitlements;
				CODE_SIGN_STYLE = Automatic;
				CURRENT_PROJECT_VERSION = 1;
				DEVELOPMENT_TEAM = QB22A345HZ;
				GENERATE_INFOPLIST_FILE = YES;
				INFOPLIST_FILE = SiriIntentUI/Info.plist;
				INFOPLIST_KEY_CFBundleDisplayName = SiriIntentUI;
				INFOPLIST_KEY_NSHumanReadableCopyright = "";
				LD_RUNPATH_SEARCH_PATHS = (
					"$(inherited)",
					"@executable_path/Frameworks",
					"@executable_path/../../Frameworks",
				);
				MARKETING_VERSION = 1.0;
				PRODUCT_BUNDLE_IDENTIFIER = com.juan.ClonGPTe.SiriIntentUI;
				PRODUCT_NAME = "$(TARGET_NAME)";
				SKIP_INSTALL = YES;
				SWIFT_EMIT_LOC_STRINGS = YES;
				SWIFT_VERSION = 5.0;
				TARGETED_DEVICE_FAMILY = "1,2";
			};
			name = Debug;
		};
		CCFC1ECB29D6B397008FE10E /* Release */ = {
			isa = XCBuildConfiguration;
			buildSettings = {
				CODE_SIGN_ENTITLEMENTS = SiriIntentUI/SiriIntentUI.entitlements;
				CODE_SIGN_STYLE = Automatic;
				CURRENT_PROJECT_VERSION = 1;
				DEVELOPMENT_TEAM = QB22A345HZ;
				GENERATE_INFOPLIST_FILE = YES;
				INFOPLIST_FILE = SiriIntentUI/Info.plist;
				INFOPLIST_KEY_CFBundleDisplayName = SiriIntentUI;
				INFOPLIST_KEY_NSHumanReadableCopyright = "";
				LD_RUNPATH_SEARCH_PATHS = (
					"$(inherited)",
					"@executable_path/Frameworks",
					"@executable_path/../../Frameworks",
				);
				MARKETING_VERSION = 1.0;
				PRODUCT_BUNDLE_IDENTIFIER = com.juan.ClonGPTe.SiriIntentUI;
				PRODUCT_NAME = "$(TARGET_NAME)";
				SKIP_INSTALL = YES;
				SWIFT_EMIT_LOC_STRINGS = YES;
				SWIFT_VERSION = 5.0;
				TARGETED_DEVICE_FAMILY = "1,2";
			};
			name = Release;
		};
/* End XCBuildConfiguration section */

/* Begin XCConfigurationList section */
		CC91625E29D42B9B006647D9 /* Build configuration list for PBXProject "ClonGPT" */ = {
			isa = XCConfigurationList;
			buildConfigurations = (
				CC91628529D42B9F006647D9 /* Debug */,
				CC91628629D42B9F006647D9 /* Release */,
			);
			defaultConfigurationIsVisible = 0;
			defaultConfigurationName = Release;
		};
		CC91628729D42B9F006647D9 /* Build configuration list for PBXNativeTarget "ClonGPT" */ = {
			isa = XCConfigurationList;
			buildConfigurations = (
				CC91628829D42B9F006647D9 /* Debug */,
				CC91628929D42B9F006647D9 /* Release */,
			);
			defaultConfigurationIsVisible = 0;
			defaultConfigurationName = Release;
		};
		CCFC1EB429D6B154008FE10E /* Build configuration list for PBXNativeTarget "SiriIntent" */ = {
			isa = XCConfigurationList;
			buildConfigurations = (
				CCFC1EB529D6B154008FE10E /* Debug */,
				CCFC1EB629D6B154008FE10E /* Release */,
			);
			defaultConfigurationIsVisible = 0;
			defaultConfigurationName = Release;
		};
		CCFC1EC929D6B397008FE10E /* Build configuration list for PBXNativeTarget "SiriIntentUI" */ = {
			isa = XCConfigurationList;
			buildConfigurations = (
				CCFC1ECA29D6B397008FE10E /* Debug */,
				CCFC1ECB29D6B397008FE10E /* Release */,
			);
			defaultConfigurationIsVisible = 0;
			defaultConfigurationName = Release;
		};
/* End XCConfigurationList section */
	};
	rootObject = CC91625B29D42B9B006647D9 /* Project object */;
}
